
Microsoft Visual Studio Solution File, Format Version 11.00
# Visual Studio 2010
Project("{FAE04EC0-301F-11D3-BF4B-00C04F79EFBC}") = "TSkgViewer", "TSkgViewer\TSkgViewer.csproj", "{E3E0B2AC-E6F6-40B9-97E4-FD4D917BEBC6}"
EndProject
Global
	GlobalSection(SolutionConfigurationPlatforms) = preSolution
		Debug|x86 = Debug|x86
		Release|x86 = Release|x86
	EndGlobalSection
	GlobalSection(ProjectConfigurationPlatforms) = postSolution
		{E3E0B2AC-E6F6-40B9-97E4-FD4D917BEBC6}.Debug|x86.ActiveCfg = Debug|x86
		{E3E0B2AC-E6F6-40B9-97E4-FD4D917BEBC6}.Debug|x86.Build.0 = Debug|x86
		{E3E0B2AC-E6F6-40B9-97E4-FD4D917BEBC6}.Release|x86.ActiveCfg = Release|x86
		{E3E0B2AC-E6F6-40B9-97E4-FD4D917BEBC6}.Release|x86.Build.0 = Release|x86
	EndGlobalSection
	GlobalSection(MonoDevelopProperties) = preSolution
		StartupItem = TSkgViewer\TSkgViewer.csproj
	EndGlobalSection
EndGlobal
